// !$*UTF8*$!
{
	archiveVersion = 1;
	classes = {
	};
	objectVersion = 46;
	objects = {

/* Begin PBXBuildFile section */
		8E12A8691D5FDBBC00C00129 /* DataService.swift in Sources */ = {isa = PBXBuildFile; fileRef = 8E12A8681D5FDBBC00C00129 /* DataService.swift */; };
		8E488E821D513314007DBCE3 /* AppDelegate.swift in Sources */ = {isa = PBXBuildFile; fileRef = 8E488E811D513314007DBCE3 /* AppDelegate.swift */; };
		8E488E841D513314007DBCE3 /* ViewController.swift in Sources */ = {isa = PBXBuildFile; fileRef = 8E488E831D513314007DBCE3 /* ViewController.swift */; };
		8E488E871D513314007DBCE3 /* Main.storyboard in Resources */ = {isa = PBXBuildFile; fileRef = 8E488E851D513314007DBCE3 /* Main.storyboard */; };
		8E488E891D513314007DBCE3 /* Assets.xcassets in Resources */ = {isa = PBXBuildFile; fileRef = 8E488E881D513314007DBCE3 /* Assets.xcassets */; };
		8E488E8C1D513314007DBCE3 /* LaunchScreen.storyboard in Resources */ = {isa = PBXBuildFile; fileRef = 8E488E8A1D513314007DBCE3 /* LaunchScreen.storyboard */; };
		8E488E971D513314007DBCE3 /* memoryBookTests.swift in Sources */ = {isa = PBXBuildFile; fileRef = 8E488E961D513314007DBCE3 /* memoryBookTests.swift */; };
		8E488EA21D513314007DBCE3 /* memoryBookUITests.swift in Sources */ = {isa = PBXBuildFile; fileRef = 8E488EA11D513314007DBCE3 /* memoryBookUITests.swift */; };
		8E488EB11D513398007DBCE3 /* Post.swift in Sources */ = {isa = PBXBuildFile; fileRef = 8E488EB01D513398007DBCE3 /* Post.swift */; };
		8E488EB41D514AB7007DBCE3 /* PostCell.swift in Sources */ = {isa = PBXBuildFile; fileRef = 8E488EB31D514AB7007DBCE3 /* PostCell.swift */; };
		8E488EB71D515431007DBCE3 /* AddPostVC.swift in Sources */ = {isa = PBXBuildFile; fileRef = 8E488EB61D515431007DBCE3 /* AddPostVC.swift */; };
/* End PBXBuildFile section */

/* Begin PBXContainerItemProxy section */
		8E488E931D513314007DBCE3 /* PBXContainerItemProxy */ = {
			isa = PBXContainerItemProxy;
			containerPortal = 8E488E761D513314007DBCE3 /* Project object */;
			proxyType = 1;
			remoteGlobalIDString = 8E488E7D1D513314007DBCE3;
			remoteInfo = myneighborhood;
		};
		8E488E9E1D513314007DBCE3 /* PBXContainerItemProxy */ = {
			isa = PBXContainerItemProxy;
			containerPortal = 8E488E761D513314007DBCE3 /* Project object */;
			proxyType = 1;
			remoteGlobalIDString = 8E488E7D1D513314007DBCE3;
			remoteInfo = myneighborhood;
		};
/* End PBXContainerItemProxy section */

/* Begin PBXFileReference section */
		8E12A8681D5FDBBC00C00129 /* DataService.swift */ = {isa = PBXFileReference; fileEncoding = 4; lastKnownFileType = sourcecode.swift; path = DataService.swift; sourceTree = "<group>"; };
		8E488E7E1D513314007DBCE3 /* memoryBook.app */ = {isa = PBXFileReference; explicitFileType = wrapper.application; includeInIndex = 0; path = memoryBook.app; sourceTree = BUILT_PRODUCTS_DIR; };
		8E488E811D513314007DBCE3 /* AppDelegate.swift */ = {isa = PBXFileReference; lastKnownFileType = sourcecode.swift; path = AppDelegate.swift; sourceTree = "<group>"; };
		8E488E831D513314007DBCE3 /* ViewController.swift */ = {isa = PBXFileReference; lastKnownFileType = sourcecode.swift; path = ViewController.swift; sourceTree = "<group>"; };
		8E488E861D513314007DBCE3 /* Base */ = {isa = PBXFileReference; lastKnownFileType = file.storyboard; name = Base; path = Base.lproj/Main.storyboard; sourceTree = "<group>"; };
		8E488E881D513314007DBCE3 /* Assets.xcassets */ = {isa = PBXFileReference; lastKnownFileType = folder.assetcatalog; path = Assets.xcassets; sourceTree = "<group>"; };
		8E488E8B1D513314007DBCE3 /* Base */ = {isa = PBXFileReference; lastKnownFileType = file.storyboard; name = Base; path = Base.lproj/LaunchScreen.storyboard; sourceTree = "<group>"; };
		8E488E8D1D513314007DBCE3 /* Info.plist */ = {isa = PBXFileReference; lastKnownFileType = text.plist.xml; path = Info.plist; sourceTree = "<group>"; };
		8E488E921D513314007DBCE3 /* memoryBook.xctest */ = {isa = PBXFileReference; explicitFileType = wrapper.cfbundle; includeInIndex = 0; path = memoryBook.xctest; sourceTree = BUILT_PRODUCTS_DIR; };
		8E488E961D513314007DBCE3 /* memoryBookTests.swift */ = {isa = PBXFileReference; lastKnownFileType = sourcecode.swift; path = memoryBookTests.swift; sourceTree = "<group>"; };
		8E488E981D513314007DBCE3 /* Info.plist */ = {isa = PBXFileReference; lastKnownFileType = text.plist.xml; path = Info.plist; sourceTree = "<group>"; };
		8E488E9D1D513314007DBCE3 /* memoryBook.xctest */ = {isa = PBXFileReference; explicitFileType = wrapper.cfbundle; includeInIndex = 0; path = memoryBook.xctest; sourceTree = BUILT_PRODUCTS_DIR; };
		8E488EA11D513314007DBCE3 /* memoryBookUITests.swift */ = {isa = PBXFileReference; lastKnownFileType = sourcecode.swift; path = memoryBookUITests.swift; sourceTree = "<group>"; };
		8E488EA31D513314007DBCE3 /* Info.plist */ = {isa = PBXFileReference; lastKnownFileType = text.plist.xml; path = Info.plist; sourceTree = "<group>"; };
		8E488EB01D513398007DBCE3 /* Post.swift */ = {isa = PBXFileReference; fileEncoding = 4; lastKnownFileType = sourcecode.swift; path = Post.swift; sourceTree = "<group>"; };
		8E488EB31D514AB7007DBCE3 /* PostCell.swift */ = {isa = PBXFileReference; fileEncoding = 4; lastKnownFileType = sourcecode.swift; path = PostCell.swift; sourceTree = "<group>"; };
		8E488EB61D515431007DBCE3 /* AddPostVC.swift */ = {isa = PBXFileReference; fileEncoding = 4; lastKnownFileType = sourcecode.swift; path = AddPostVC.swift; sourceTree = "<group>"; };
/* End PBXFileReference section */

/* Begin PBXFrameworksBuildPhase section */
		8E488E7B1D513314007DBCE3 /* Frameworks */ = {
			isa = PBXFrameworksBuildPhase;
			buildActionMask = 2147483647;
			files = (
			);
			runOnlyForDeploymentPostprocessing = 0;
		};
		8E488E8F1D513314007DBCE3 /* Frameworks */ = {
			isa = PBXFrameworksBuildPhase;
			buildActionMask = 2147483647;
			files = (
			);
			runOnlyForDeploymentPostprocessing = 0;
		};
		8E488E9A1D513314007DBCE3 /* Frameworks */ = {
			isa = PBXFrameworksBuildPhase;
			buildActionMask = 2147483647;
			files = (
			);
			runOnlyForDeploymentPostprocessing = 0;
		};
/* End PBXFrameworksBuildPhase section */

/* Begin PBXGroup section */
		8E12A8671D5FDBA800C00129 /* Services */ = {
			isa = PBXGroup;
			children = (
				8E12A8681D5FDBBC00C00129 /* DataService.swift */,
			);
			name = Services;
			sourceTree = "<group>";
		};
		8E488E751D513314007DBCE3 = {
			isa = PBXGroup;
			children = (
				8E488E801D513314007DBCE3 /* memoryBook */,
				8E488E951D513314007DBCE3 /* memoryBookTests */,
				8E488EA01D513314007DBCE3 /* memoryBookTests */,
				8E488E7F1D513314007DBCE3 /* Products */,
			);
			sourceTree = "<group>";
		};
		8E488E7F1D513314007DBCE3 /* Products */ = {
			isa = PBXGroup;
			children = (
				8E488E7E1D513314007DBCE3 /* memoryBook.app */,
				8E488E921D513314007DBCE3 /* memoryBook.xctest */,
				8E488E9D1D513314007DBCE3 /* memoryBook.xctest */,
			);
			name = Products;
			sourceTree = "<group>";
		};
		8E488E801D513314007DBCE3 /* memoryBook */ = {
			isa = PBXGroup;
			children = (
				8E12A8671D5FDBA800C00129 /* Services */,
				8E488EAF1D513382007DBCE3 /* Model */,
				8E488EB21D514A75007DBCE3 /* VIew */,
				8E488EB51D5153D1007DBCE3 /* Controller */,
				8E488E811D513314007DBCE3 /* AppDelegate.swift */,
				8E488E881D513314007DBCE3 /* Assets.xcassets */,
				8E488E8D1D513314007DBCE3 /* Info.plist */,
			);
			path = memoryBook;
			sourceTree = "<group>";
		};
		8E488E951D513314007DBCE3 /* memoryBookTests */ = {
			isa = PBXGroup;
			children = (
				8E488E961D513314007DBCE3 /* memoryBookTests.swift */,
				8E488E981D513314007DBCE3 /* Info.plist */,
			);
			path = memoryBookTests;
			sourceTree = "<group>";
		};
		8E488EA01D513314007DBCE3 /* memoryBookTests */ = {
			isa = PBXGroup;
			children = (
				8E488EA11D513314007DBCE3 /* memoryBookUITests.swift */,
				8E488EA31D513314007DBCE3 /* Info.plist */,
			);
			name = memoryBookTests;
			path = memoryBookUITests;
			sourceTree = "<group>";
		};
		8E488EAF1D513382007DBCE3 /* Model */ = {
			isa = PBXGroup;
			children = (
				8E488EB01D513398007DBCE3 /* Post.swift */,
			);
			name = Model;
			sourceTree = "<group>";
		};
		8E488EB21D514A75007DBCE3 /* VIew */ = {
			isa = PBXGroup;
			children = (
				8E488E851D513314007DBCE3 /* Main.storyboard */,
				8E488E8A1D513314007DBCE3 /* LaunchScreen.storyboard */,
				8E488EB31D514AB7007DBCE3 /* PostCell.swift */,
			);
			name = VIew;
			sourceTree = "<group>";
		};
		8E488EB51D5153D1007DBCE3 /* Controller */ = {
			isa = PBXGroup;
			children = (
				8E488E831D513314007DBCE3 /* ViewController.swift */,
				8E488EB61D515431007DBCE3 /* AddPostVC.swift */,
			);
			name = Controller;
			sourceTree = "<group>";
		};
/* End PBXGroup section */

/* Begin PBXNativeTarget section */
		8E488E7D1D513314007DBCE3 /* memoryBook */ = {
			isa = PBXNativeTarget;
			buildConfigurationList = 8E488EA61D513314007DBCE3 /* Build configuration list for PBXNativeTarget "memoryBook" */;
			buildPhases = (
				8E488E7A1D513314007DBCE3 /* Sources */,
				8E488E7B1D513314007DBCE3 /* Frameworks */,
				8E488E7C1D513314007DBCE3 /* Resources */,
			);
			buildRules = (
			);
			dependencies = (
			);
			name = memoryBook;
			productName = myneighborhood;
			productReference = 8E488E7E1D513314007DBCE3 /* memoryBook.app */;
			productType = "com.apple.product-type.application";
		};
		8E488E911D513314007DBCE3 /* memoryBookTests */ = {
			isa = PBXNativeTarget;
			buildConfigurationList = 8E488EA91D513314007DBCE3 /* Build configuration list for PBXNativeTarget "memoryBookTests" */;
			buildPhases = (
				8E488E8E1D513314007DBCE3 /* Sources */,
				8E488E8F1D513314007DBCE3 /* Frameworks */,
				8E488E901D513314007DBCE3 /* Resources */,
			);
			buildRules = (
			);
			dependencies = (
				8E488E941D513314007DBCE3 /* PBXTargetDependency */,
			);
			name = memoryBookTests;
			productName = myneighborhoodTests;
			productReference = 8E488E921D513314007DBCE3 /* memoryBook.xctest */;
			productType = "com.apple.product-type.bundle.unit-test";
		};
		8E488E9C1D513314007DBCE3 /* memoryBookUITests */ = {
			isa = PBXNativeTarget;
			buildConfigurationList = 8E488EAC1D513314007DBCE3 /* Build configuration list for PBXNativeTarget "memoryBookUITests" */;
			buildPhases = (
				8E488E991D513314007DBCE3 /* Sources */,
				8E488E9A1D513314007DBCE3 /* Frameworks */,
				8E488E9B1D513314007DBCE3 /* Resources */,
			);
			buildRules = (
			);
			dependencies = (
				8E488E9F1D513314007DBCE3 /* PBXTargetDependency */,
			);
			name = memoryBookUITests;
			productName = myneighborhoodUITests;
			productReference = 8E488E9D1D513314007DBCE3 /* memoryBook.xctest */;
			productType = "com.apple.product-type.bundle.ui-testing";
		};
/* End PBXNativeTarget section */

/* Begin PBXProject section */
		8E488E761D513314007DBCE3 /* Project object */ = {
			isa = PBXProject;
			attributes = {
				LastSwiftUpdateCheck = 0720;
				LastUpgradeCheck = 0720;
				ORGANIZATIONNAME = "Noah Hashmi";
				TargetAttributes = {
					8E488E7D1D513314007DBCE3 = {
						CreatedOnToolsVersion = 7.2.1;
						DevelopmentTeam = BG3TQQ8TN6;
					};
					8E488E911D513314007DBCE3 = {
						CreatedOnToolsVersion = 7.2.1;
						TestTargetID = 8E488E7D1D513314007DBCE3;
					};
					8E488E9C1D513314007DBCE3 = {
						CreatedOnToolsVersion = 7.2.1;
						TestTargetID = 8E488E7D1D513314007DBCE3;
					};
				};
			};
			buildConfigurationList = 8E488E791D513314007DBCE3 /* Build configuration list for PBXProject "memoryBook" */;
			compatibilityVersion = "Xcode 3.2";
			developmentRegion = English;
			hasScannedForEncodings = 0;
			knownRegions = (
				en,
				Base,
			);
			mainGroup = 8E488E751D513314007DBCE3;
			productRefGroup = 8E488E7F1D513314007DBCE3 /* Products */;
			projectDirPath = "";
			projectRoot = "";
			targets = (
				8E488E7D1D513314007DBCE3 /* memoryBook */,
				8E488E911D513314007DBCE3 /* memoryBookTests */,
				8E488E9C1D513314007DBCE3 /* memoryBookUITests */,
			);
		};
/* End PBXProject section */

/* Begin PBXResourcesBuildPhase section */
		8E488E7C1D513314007DBCE3 /* Resources */ = {
			isa = PBXResourcesBuildPhase;
			buildActionMask = 2147483647;
			files = (
				8E488E8C1D513314007DBCE3 /* LaunchScreen.storyboard in Resources */,
				8E488E891D513314007DBCE3 /* Assets.xcassets in Resources */,
				8E488E871D513314007DBCE3 /* Main.storyboard in Resources */,
			);
			runOnlyForDeploymentPostprocessing = 0;
		};
		8E488E901D513314007DBCE3 /* Resources */ = {
			isa = PBXResourcesBuildPhase;
			buildActionMask = 2147483647;
			files = (
			);
			runOnlyForDeploymentPostprocessing = 0;
		};
		8E488E9B1D513314007DBCE3 /* Resources */ = {
			isa = PBXResourcesBuildPhase;
			buildActionMask = 2147483647;
			files = (
			);
			runOnlyForDeploymentPostprocessing = 0;
		};
/* End PBXResourcesBuildPhase section */

/* Begin PBXSourcesBuildPhase section */
		8E488E7A1D513314007DBCE3 /* Sources */ = {
			isa = PBXSourcesBuildPhase;
			buildActionMask = 2147483647;
			files = (
				8E488EB11D513398007DBCE3 /* Post.swift in Sources */,
				8E488E841D513314007DBCE3 /* ViewController.swift in Sources */,
				8E488EB71D515431007DBCE3 /* AddPostVC.swift in Sources */,
				8E12A8691D5FDBBC00C00129 /* DataService.swift in Sources */,
				8E488E821D513314007DBCE3 /* AppDelegate.swift in Sources */,
				8E488EB41D514AB7007DBCE3 /* PostCell.swift in Sources */,
			);
			runOnlyForDeploymentPostprocessing = 0;
		};
		8E488E8E1D513314007DBCE3 /* Sources */ = {
			isa = PBXSourcesBuildPhase;
			buildActionMask = 2147483647;
			files = (
				8E488E971D513314007DBCE3 /* memoryBookTests.swift in Sources */,
			);
			runOnlyForDeploymentPostprocessing = 0;
		};
		8E488E991D513314007DBCE3 /* Sources */ = {
			isa = PBXSourcesBuildPhase;
			buildActionMask = 2147483647;
			files = (
				8E488EA21D513314007DBCE3 /* memoryBookUITests.swift in Sources */,
			);
			runOnlyForDeploymentPostprocessing = 0;
		};
/* End PBXSourcesBuildPhase section */

/* Begin PBXTargetDependency section */
		8E488E941D513314007DBCE3 /* PBXTargetDependency */ = {
			isa = PBXTargetDependency;
			target = 8E488E7D1D513314007DBCE3 /* memoryBook */;
			targetProxy = 8E488E931D513314007DBCE3 /* PBXContainerItemProxy */;
		};
		8E488E9F1D513314007DBCE3 /* PBXTargetDependency */ = {
			isa = PBXTargetDependency;
			target = 8E488E7D1D513314007DBCE3 /* memoryBook */;
			targetProxy = 8E488E9E1D513314007DBCE3 /* PBXContainerItemProxy */;
		};
/* End PBXTargetDependency section */

/* Begin PBXVariantGroup section */
		8E488E851D513314007DBCE3 /* Main.storyboard */ = {
			isa = PBXVariantGroup;
			children = (
				8E488E861D513314007DBCE3 /* Base */,
			);
			name = Main.storyboard;
			sourceTree = "<group>";
		};
		8E488E8A1D513314007DBCE3 /* LaunchScreen.storyboard */ = {
			isa = PBXVariantGroup;
			children = (
				8E488E8B1D513314007DBCE3 /* Base */,
			);
			name = LaunchScreen.storyboard;
			sourceTree = "<group>";
		};
/* End PBXVariantGroup section */

/* Begin XCBuildConfiguration section */
		8E488EA41D513314007DBCE3 /* Debug */ = {
			isa = XCBuildConfiguration;
			buildSettings = {
				ALWAYS_SEARCH_USER_PATHS = NO;
				CLANG_CXX_LANGUAGE_STANDARD = "gnu++0x";
				CLANG_CXX_LIBRARY = "libc++";
				CLANG_ENABLE_MODULES = YES;
				CLANG_ENABLE_OBJC_ARC = YES;
				CLANG_WARN_BOOL_CONVERSION = YES;
				CLANG_WARN_CONSTANT_CONVERSION = YES;
				CLANG_WARN_DIRECT_OBJC_ISA_USAGE = YES_ERROR;
				CLANG_WARN_EMPTY_BODY = YES;
				CLANG_WARN_ENUM_CONVERSION = YES;
				CLANG_WARN_INT_CONVERSION = YES;
				CLANG_WARN_OBJC_ROOT_CLASS = YES_ERROR;
				CLANG_WARN_UNREACHABLE_CODE = YES;
				CLANG_WARN__DUPLICATE_METHOD_MATCH = YES;
				"CODE_SIGN_IDENTITY[sdk=iphoneos*]" = "iPhone Developer";
				COPY_PHASE_STRIP = NO;
				DEBUG_INFORMATION_FORMAT = dwarf;
				ENABLE_STRICT_OBJC_MSGSEND = YES;
				ENABLE_TESTABILITY = YES;
				GCC_C_LANGUAGE_STANDARD = gnu99;
				GCC_DYNAMIC_NO_PIC = NO;
				GCC_NO_COMMON_BLOCKS = YES;
				GCC_OPTIMIZATION_LEVEL = 0;
				GCC_PREPROCESSOR_DEFINITIONS = (
					"DEBUG=1",
					"$(inherited)",
				);
				GCC_WARN_64_TO_32_BIT_CONVERSION = YES;
				GCC_WARN_ABOUT_RETURN_TYPE = YES_ERROR;
				GCC_WARN_UNDECLARED_SELECTOR = YES;
				GCC_WARN_UNINITIALIZED_AUTOS = YES_AGGRESSIVE;
				GCC_WARN_UNUSED_FUNCTION = YES;
				GCC_WARN_UNUSED_VARIABLE = YES;
				IPHONEOS_DEPLOYMENT_TARGET = 9.2;
				MTL_ENABLE_DEBUG_INFO = YES;
				ONLY_ACTIVE_ARCH = YES;
				SDKROOT = iphoneos;
				SWIFT_OPTIMIZATION_LEVEL = "-Onone";
				TARGETED_DEVICE_FAMILY = "1,2";
			};
			name = Debug;
		};
		8E488EA51D513314007DBCE3 /* Release */ = {
			isa = XCBuildConfiguration;
			buildSettings = {
				ALWAYS_SEARCH_USER_PATHS = NO;
				CLANG_CXX_LANGUAGE_STANDARD = "gnu++0x";
				CLANG_CXX_LIBRARY = "libc++";
				CLANG_ENABLE_MODULES = YES;
				CLANG_ENABLE_OBJC_ARC = YES;
				CLANG_WARN_BOOL_CONVERSION = YES;
				CLANG_WARN_CONSTANT_CONVERSION = YES;
				CLANG_WARN_DIRECT_OBJC_ISA_USAGE = YES_ERROR;
				CLANG_WARN_EMPTY_BODY = YES;
				CLANG_WARN_ENUM_CONVERSION = YES;
				CLANG_WARN_INT_CONVERSION = YES;
				CLANG_WARN_OBJC_ROOT_CLASS = YES_ERROR;
				CLANG_WARN_UNREACHABLE_CODE = YES;
				CLANG_WARN__DUPLICATE_METHOD_MATCH = YES;
				"CODE_SIGN_IDENTITY[sdk=iphoneos*]" = "iPhone Developer";
				COPY_PHASE_STRIP = NO;
				DEBUG_INFORMATION_FORMAT = "dwarf-with-dsym";
				ENABLE_NS_ASSERTIONS = NO;
				ENABLE_STRICT_OBJC_MSGSEND = YES;
				GCC_C_LANGUAGE_STANDARD = gnu99;
				GCC_NO_COMMON_BLOCKS = YES;
				GCC_WARN_64_TO_32_BIT_CONVERSION = YES;
				GCC_WARN_ABOUT_RETURN_TYPE = YES_ERROR;
				GCC_WARN_UNDECLARED_SELECTOR = YES;
				GCC_WARN_UNINITIALIZED_AUTOS = YES_AGGRESSIVE;
				GCC_WARN_UNUSED_FUNCTION = YES;
				GCC_WARN_UNUSED_VARIABLE = YES;
				IPHONEOS_DEPLOYMENT_TARGET = 9.2;
				MTL_ENABLE_DEBUG_INFO = NO;
				SDKROOT = iphoneos;
				TARGETED_DEVICE_FAMILY = "1,2";
				VALIDATE_PRODUCT = YES;
			};
			name = Release;
		};
		8E488EA71D513314007DBCE3 /* Debug */ = {
			isa = XCBuildConfiguration;
			buildSettings = {
				ASSETCATALOG_COMPILER_APPICON_NAME = AppIcon;
				CODE_SIGN_IDENTITY = "iPhone Developer";
				"CODE_SIGN_IDENTITY[sdk=iphoneos*]" = "iPhone Developer";
				INFOPLIST_FILE = "$(SRCROOT)/memoryBook/Info.plist";
				LD_RUNPATH_SEARCH_PATHS = "$(inherited) @executable_path/Frameworks";
				PRODUCT_BUNDLE_IDENTIFIER = udemycourse.memoryBook;
				PRODUCT_NAME = memoryBook;
				PROVISIONING_PROFILE = "";
			};
			name = Debug;
		};
		8E488EA81D513314007DBCE3 /* Release */ = {
			isa = XCBuildConfiguration;
			buildSettings = {
				ASSETCATALOG_COMPILER_APPICON_NAME = AppIcon;
				CODE_SIGN_IDENTITY = "iPhone Developer";
				"CODE_SIGN_IDENTITY[sdk=iphoneos*]" = "iPhone Developer";
				INFOPLIST_FILE = "$(SRCROOT)/memoryBook/Info.plist";
				LD_RUNPATH_SEARCH_PATHS = "$(inherited) @executable_path/Frameworks";
				PRODUCT_BUNDLE_IDENTIFIER = udemycourse.memoryBook;
				PRODUCT_NAME = memoryBook;
				PROVISIONING_PROFILE = "";
			};
			name = Release;
		};
		8E488EAA1D513314007DBCE3 /* Debug */ = {
			isa = XCBuildConfiguration;
			buildSettings = {
				BUNDLE_LOADER = "$(TEST_HOST)";
				INFOPLIST_FILE = myneighborhoodTests/Info.plist;
				LD_RUNPATH_SEARCH_PATHS = "$(inherited) @executable_path/Frameworks @loader_path/Frameworks";
				PRODUCT_BUNDLE_IDENTIFIER = udemycourse.myneighborhoodTests;
				PRODUCT_NAME = memoryBook;
				TEST_HOST = "$(BUILT_PRODUCTS_DIR)/memoryBook.app/memoryBook";
			};
			name = Debug;
		};
		8E488EAB1D513314007DBCE3 /* Release */ = {
			isa = XCBuildConfiguration;
			buildSettings = {
				BUNDLE_LOADER = "$(TEST_HOST)";
				INFOPLIST_FILE = myneighborhoodTests/Info.plist;
				LD_RUNPATH_SEARCH_PATHS = "$(inherited) @executable_path/Frameworks @loader_path/Frameworks";
				PRODUCT_BUNDLE_IDENTIFIER = udemycourse.myneighborhoodTests;
				PRODUCT_NAME = memoryBook;
				TEST_HOST = "$(BUILT_PRODUCTS_DIR)/memoryBook.app/memoryBook";
			};
			name = Release;
		};
		8E488EAD1D513314007DBCE3 /* Debug */ = {
			isa = XCBuildConfiguration;
			buildSettings = {
				INFOPLIST_FILE = myneighborhoodUITests/Info.plist;
				LD_RUNPATH_SEARCH_PATHS = "$(inherited) @executable_path/Frameworks @loader_path/Frameworks";
				PRODUCT_BUNDLE_IDENTIFIER = udemycourse.myneighborhoodUITests;
				PRODUCT_NAME = memoryBook;
				TEST_TARGET_NAME = myneighborhood;
				USES_XCTRUNNER = YES;
			};
			name = Debug;
		};
		8E488EAE1D513314007DBCE3 /* Release */ = {
			isa = XCBuildConfiguration;
			buildSettings = {
				INFOPLIST_FILE = myneighborhoodUITests/Info.plist;
				LD_RUNPATH_SEARCH_PATHS = "$(inherited) @executable_path/Frameworks @loader_path/Frameworks";
				PRODUCT_BUNDLE_IDENTIFIER = udemycourse.myneighborhoodUITests;
				PRODUCT_NAME = memoryBook;
				TEST_TARGET_NAME = myneighborhood;
				USES_XCTRUNNER = YES;
			};
			name = Release;
		};
/* End XCBuildConfiguration section */

/* Begin XCConfigurationList section */
		8E488E791D513314007DBCE3 /* Build configuration list for PBXProject "memoryBook" */ = {
			isa = XCConfigurationList;
			buildConfigurations = (
				8E488EA41D513314007DBCE3 /* Debug */,
				8E488EA51D513314007DBCE3 /* Release */,
			);
			defaultConfigurationIsVisible = 0;
			defaultConfigurationName = Release;
		};
		8E488EA61D513314007DBCE3 /* Build configuration list for PBXNativeTarget "memoryBook" */ = {
			isa = XCConfigurationList;
			buildConfigurations = (
				8E488EA71D513314007DBCE3 /* Debug */,
				8E488EA81D513314007DBCE3 /* Release */,
			);
			defaultConfigurationIsVisible = 0;
			defaultConfigurationName = Release;
		};
		8E488EA91D513314007DBCE3 /* Build configuration list for PBXNativeTarget "memoryBookTests" */ = {
			isa = XCConfigurationList;
			buildConfigurations = (
				8E488EAA1D513314007DBCE3 /* Debug */,
				8E488EAB1D513314007DBCE3 /* Release */,
			);
			defaultConfigurationIsVisible = 0;
			defaultConfigurationName = Release;
		};
		8E488EAC1D513314007DBCE3 /* Build configuration list for PBXNativeTarget "memoryBookUITests" */ = {
			isa = XCConfigurationList;
			buildConfigurations = (
				8E488EAD1D513314007DBCE3 /* Debug */,
				8E488EAE1D513314007DBCE3 /* Release */,
			);
			defaultConfigurationIsVisible = 0;
			defaultConfigurationName = Release;
		};
/* End XCConfigurationList section */
	};
	rootObject = 8E488E761D513314007DBCE3 /* Project object */;
}
